{
  "name": "crm",
  "version": "1.0.0",
  "lockfileVersion": 3,
  "requires": true,
  "packages": {
    "": {
      "name": "crm",
      "version": "1.0.0",
      "license": "ISC",
      "devDependencies": {
        "@types/file-saver": "^2.0.7"
      }
    },
    "node_modules/@types/file-saver": {
      "version": "2.0.7",
      "resolved": "https://registry.npmjs.org/@types/file-saver/-/file-saver-2.0.7.tgz",
      "integrity": "sha512-dNKVfHd/jk0SkR/exKGj2ggkB45MAkzvWCaqLUUgkyjITkGNzH8H+yUwr+BLJUBjZOe9w8X3wgmXhZDRg1ED6A==",
      "dev": true,
      "license": "MIT"
    }
  }
}
